
Microsoft Visual Studio Solution File, Format Version 12.00
# Visual Studio 15
VisualStudioVersion = 15.0.28307.136
MinimumVisualStudioVersion = 10.0.40219.1
Project("{FAE04EC0-301F-11D3-BF4B-00C04F79EFBC}") = "netCore", "netCore\netCore.csproj", "{71DD19B1-3F3D-4796-B5F7-83F183839ED3}"
EndProject
Global
	GlobalSection(SolutionConfigurationPlatforms) = preSolution
		Debug|Any CPU = Debug|Any CPU
		Release|Any CPU = Release|Any CPU
	EndGlobalSection
	GlobalSection(ProjectConfigurationPlatforms) = postSolution
		{71DD19B1-3F3D-4796-B5F7-83F183839ED3}.Debug|Any CPU.ActiveCfg = Debug|Any CPU
		{71DD19B1-3F3D-4796-B5F7-83F183839ED3}.Debug|Any CPU.Build.0 = Debug|Any CPU
		{71DD19B1-3F3D-4796-B5F7-83F183839ED3}.Release|Any CPU.ActiveCfg = Release|Any CPU
		{71DD19B1-3F3D-4796-B5F7-83F183839ED3}.Release|Any CPU.Build.0 = Release|Any CPU
	EndGlobalSection
	GlobalSection(SolutionProperties) = preSolution
		HideSolutionNode = FALSE
	EndGlobalSection
	GlobalSection(ExtensibilityGlobals) = postSolution
		SolutionGuid = {65C5F6CF-97F9-4107-9FB7-EACD0241F905}
	EndGlobalSection
EndGlobal
